// !$*UTF8*$!
{
	archiveVersion = 1;
	classes = {
	};
	objectVersion = 56;
	objects = {

/* Begin PBXBuildFile section */
		1231A3882C81E9E400304A16 /* EffectiveMobileToDoListApp.swift in Sources */ = {isa = PBXBuildFile; fileRef = 1231A3872C81E9E400304A16 /* EffectiveMobileToDoListApp.swift */; };
		1231A38A2C81E9E400304A16 /* MainView.swift in Sources */ = {isa = PBXBuildFile; fileRef = 1231A3892C81E9E400304A16 /* MainView.swift */; };
		1231A38C2C81E9E500304A16 /* Assets.xcassets in Resources */ = {isa = PBXBuildFile; fileRef = 1231A38B2C81E9E500304A16 /* Assets.xcassets */; };
		1231A38F2C81E9E500304A16 /* Preview Assets.xcassets in Resources */ = {isa = PBXBuildFile; fileRef = 1231A38E2C81E9E500304A16 /* Preview Assets.xcassets */; };
		1231A3972C81EACC00304A16 /* ListView.swift in Sources */ = {isa = PBXBuildFile; fileRef = 1231A3962C81EACC00304A16 /* ListView.swift */; };
		1231A3992C81EAFC00304A16 /* AboutView.swift in Sources */ = {isa = PBXBuildFile; fileRef = 1231A3982C81EAFC00304A16 /* AboutView.swift */; };
		1231A39B2C81EC4900304A16 /* LaunchScreenView.swift in Sources */ = {isa = PBXBuildFile; fileRef = 1231A39A2C81EC4900304A16 /* LaunchScreenView.swift */; };
		1231A39F2C81EFDE00304A16 /* ListElementView.swift in Sources */ = {isa = PBXBuildFile; fileRef = 1231A39E2C81EFDE00304A16 /* ListElementView.swift */; };
		1231A3A22C81F05A00304A16 /* ToDoListData.xcdatamodeld in Sources */ = {isa = PBXBuildFile; fileRef = 1231A3A02C81F05A00304A16 /* ToDoListData.xcdatamodeld */; };
		1231A3A42C81F0D500304A16 /* ViewModel.swift in Sources */ = {isa = PBXBuildFile; fileRef = 1231A3A32C81F0D500304A16 /* ViewModel.swift */; };
		1231A3A62C8201B400304A16 /* ListItemModel.swift in Sources */ = {isa = PBXBuildFile; fileRef = 1231A3A52C8201B400304A16 /* ListItemModel.swift */; };
/* End PBXBuildFile section */

/* Begin PBXFileReference section */
		1231A3842C81E9E400304A16 /* EffectiveMobileToDoList.app */ = {isa = PBXFileReference; explicitFileType = wrapper.application; includeInIndex = 0; path = EffectiveMobileToDoList.app; sourceTree = BUILT_PRODUCTS_DIR; };
		1231A3872C81E9E400304A16 /* EffectiveMobileToDoListApp.swift */ = {isa = PBXFileReference; lastKnownFileType = sourcecode.swift; path = EffectiveMobileToDoListApp.swift; sourceTree = "<group>"; };
		1231A3892C81E9E400304A16 /* MainView.swift */ = {isa = PBXFileReference; lastKnownFileType = sourcecode.swift; path = MainView.swift; sourceTree = "<group>"; };
		1231A38B2C81E9E500304A16 /* Assets.xcassets */ = {isa = PBXFileReference; lastKnownFileType = folder.assetcatalog; path = Assets.xcassets; sourceTree = "<group>"; };
		1231A38E2C81E9E500304A16 /* Preview Assets.xcassets */ = {isa = PBXFileReference; lastKnownFileType = folder.assetcatalog; path = "Preview Assets.xcassets"; sourceTree = "<group>"; };
		1231A3962C81EACC00304A16 /* ListView.swift */ = {isa = PBXFileReference; lastKnownFileType = sourcecode.swift; path = ListView.swift; sourceTree = "<group>"; };
		1231A3982C81EAFC00304A16 /* AboutView.swift */ = {isa = PBXFileReference; lastKnownFileType = sourcecode.swift; path = AboutView.swift; sourceTree = "<group>"; };
		1231A39A2C81EC4900304A16 /* LaunchScreenView.swift */ = {isa = PBXFileReference; lastKnownFileType = sourcecode.swift; path = LaunchScreenView.swift; sourceTree = "<group>"; };
		1231A39E2C81EFDE00304A16 /* ListElementView.swift */ = {isa = PBXFileReference; lastKnownFileType = sourcecode.swift; path = ListElementView.swift; sourceTree = "<group>"; };
		1231A3A12C81F05A00304A16 /* ToDoListData.xcdatamodel */ = {isa = PBXFileReference; lastKnownFileType = wrapper.xcdatamodel; path = ToDoListData.xcdatamodel; sourceTree = "<group>"; };
		1231A3A32C81F0D500304A16 /* ViewModel.swift */ = {isa = PBXFileReference; lastKnownFileType = sourcecode.swift; path = ViewModel.swift; sourceTree = "<group>"; };
		1231A3A52C8201B400304A16 /* ListItemModel.swift */ = {isa = PBXFileReference; lastKnownFileType = sourcecode.swift; path = ListItemModel.swift; sourceTree = "<group>"; };
/* End PBXFileReference section */

/* Begin PBXFrameworksBuildPhase section */
		1231A3812C81E9E400304A16 /* Frameworks */ = {
			isa = PBXFrameworksBuildPhase;
			buildActionMask = 2147483647;
			files = (
			);
			runOnlyForDeploymentPostprocessing = 0;
		};
/* End PBXFrameworksBuildPhase section */

/* Begin PBXGroup section */
		1231A37B2C81E9E400304A16 = {
			isa = PBXGroup;
			children = (
				1231A3862C81E9E400304A16 /* EffectiveMobileToDoList */,
				1231A3852C81E9E400304A16 /* Products */,
			);
			sourceTree = "<group>";
		};
		1231A3852C81E9E400304A16 /* Products */ = {
			isa = PBXGroup;
			children = (
				1231A3842C81E9E400304A16 /* EffectiveMobileToDoList.app */,
			);
			name = Products;
			sourceTree = "<group>";
		};
		1231A3862C81E9E400304A16 /* EffectiveMobileToDoList */ = {
			isa = PBXGroup;
			children = (
				1231A3872C81E9E400304A16 /* EffectiveMobileToDoListApp.swift */,
				1231A3A52C8201B400304A16 /* ListItemModel.swift */,
				1231A3A32C81F0D500304A16 /* ViewModel.swift */,
				1231A3952C81EAB500304A16 /* Views */,
				1231A3A02C81F05A00304A16 /* ToDoListData.xcdatamodeld */,
				1231A38B2C81E9E500304A16 /* Assets.xcassets */,
				1231A38D2C81E9E500304A16 /* Preview Content */,
			);
			path = EffectiveMobileToDoList;
			sourceTree = "<group>";
		};
		1231A38D2C81E9E500304A16 /* Preview Content */ = {
			isa = PBXGroup;
			children = (
				1231A38E2C81E9E500304A16 /* Preview Assets.xcassets */,
			);
			path = "Preview Content";
			sourceTree = "<group>";
		};
		1231A3952C81EAB500304A16 /* Views */ = {
			isa = PBXGroup;
			children = (
				1231A39C2C81EC5200304A16 /* Main */,
				1231A39D2C81EFBB00304A16 /* ListView */,
			);
			path = Views;
			sourceTree = "<group>";
		};
		1231A39C2C81EC5200304A16 /* Main */ = {
			isa = PBXGroup;
			children = (
				1231A39A2C81EC4900304A16 /* LaunchScreenView.swift */,
				1231A3982C81EAFC00304A16 /* AboutView.swift */,
				1231A3892C81E9E400304A16 /* MainView.swift */,
			);
			path = Main;
			sourceTree = "<group>";
		};
		1231A39D2C81EFBB00304A16 /* ListView */ = {
			isa = PBXGroup;
			children = (
				1231A3962C81EACC00304A16 /* ListView.swift */,
				1231A39E2C81EFDE00304A16 /* ListElementView.swift */,
			);
			path = ListView;
			sourceTree = "<group>";
		};
/* End PBXGroup section */

/* Begin PBXNativeTarget section */
		1231A3832C81E9E400304A16 /* EffectiveMobileToDoList */ = {
			isa = PBXNativeTarget;
			buildConfigurationList = 1231A3922C81E9E500304A16 /* Build configuration list for PBXNativeTarget "EffectiveMobileToDoList" */;
			buildPhases = (
				1231A3802C81E9E400304A16 /* Sources */,
				1231A3812C81E9E400304A16 /* Frameworks */,
				1231A3822C81E9E400304A16 /* Resources */,
			);
			buildRules = (
			);
			dependencies = (
			);
			name = EffectiveMobileToDoList;
			productName = EffectiveMobileToDoList;
			productReference = 1231A3842C81E9E400304A16 /* EffectiveMobileToDoList.app */;
			productType = "com.apple.product-type.application";
		};
/* End PBXNativeTarget section */

/* Begin PBXProject section */
		1231A37C2C81E9E400304A16 /* Project object */ = {
			isa = PBXProject;
			attributes = {
				BuildIndependentTargetsInParallel = 1;
				LastSwiftUpdateCheck = 1540;
				LastUpgradeCheck = 1540;
				TargetAttributes = {
					1231A3832C81E9E400304A16 = {
						CreatedOnToolsVersion = 15.4;
					};
				};
			};
			buildConfigurationList = 1231A37F2C81E9E400304A16 /* Build configuration list for PBXProject "EffectiveMobileToDoList" */;
			compatibilityVersion = "Xcode 14.0";
			developmentRegion = en;
			hasScannedForEncodings = 0;
			knownRegions = (
				en,
				Base,
			);
			mainGroup = 1231A37B2C81E9E400304A16;
			productRefGroup = 1231A3852C81E9E400304A16 /* Products */;
			projectDirPath = "";
			projectRoot = "";
			targets = (
				1231A3832C81E9E400304A16 /* EffectiveMobileToDoList */,
			);
		};
/* End PBXProject section */

/* Begin PBXResourcesBuildPhase section */
		1231A3822C81E9E400304A16 /* Resources */ = {
			isa = PBXResourcesBuildPhase;
			buildActionMask = 2147483647;
			files = (
				1231A38F2C81E9E500304A16 /* Preview Assets.xcassets in Resources */,
				1231A38C2C81E9E500304A16 /* Assets.xcassets in Resources */,
			);
			runOnlyForDeploymentPostprocessing = 0;
		};
/* End PBXResourcesBuildPhase section */

/* Begin PBXSourcesBuildPhase section */
		1231A3802C81E9E400304A16 /* Sources */ = {
			isa = PBXSourcesBuildPhase;
			buildActionMask = 2147483647;
			files = (
				1231A39B2C81EC4900304A16 /* LaunchScreenView.swift in Sources */,
				1231A3992C81EAFC00304A16 /* AboutView.swift in Sources */,
				1231A38A2C81E9E400304A16 /* MainView.swift in Sources */,
				1231A3882C81E9E400304A16 /* EffectiveMobileToDoListApp.swift in Sources */,
				1231A3A62C8201B400304A16 /* ListItemModel.swift in Sources */,
				1231A3972C81EACC00304A16 /* ListView.swift in Sources */,
				1231A39F2C81EFDE00304A16 /* ListElementView.swift in Sources */,
				1231A3A42C81F0D500304A16 /* ViewModel.swift in Sources */,
				1231A3A22C81F05A00304A16 /* ToDoListData.xcdatamodeld in Sources */,
			);
			runOnlyForDeploymentPostprocessing = 0;
		};
/* End PBXSourcesBuildPhase section */

/* Begin XCBuildConfiguration section */
		1231A3902C81E9E500304A16 /* Debug */ = {
			isa = XCBuildConfiguration;
			buildSettings = {
				ALWAYS_SEARCH_USER_PATHS = NO;
				ASSETCATALOG_COMPILER_GENERATE_SWIFT_ASSET_SYMBOL_EXTENSIONS = YES;
				CLANG_ANALYZER_NONNULL = YES;
				CLANG_ANALYZER_NUMBER_OBJECT_CONVERSION = YES_AGGRESSIVE;
				CLANG_CXX_LANGUAGE_STANDARD = "gnu++20";
				CLANG_ENABLE_MODULES = YES;
				CLANG_ENABLE_OBJC_ARC = YES;
				CLANG_ENABLE_OBJC_WEAK = YES;
				CLANG_WARN_BLOCK_CAPTURE_AUTORELEASING = YES;
				CLANG_WARN_BOOL_CONVERSION = YES;
				CLANG_WARN_COMMA = YES;
				CLANG_WARN_CONSTANT_CONVERSION = YES;
				CLANG_WARN_DEPRECATED_OBJC_IMPLEMENTATIONS = YES;
				CLANG_WARN_DIRECT_OBJC_ISA_USAGE = YES_ERROR;
				CLANG_WARN_DOCUMENTATION_COMMENTS = YES;
				CLANG_WARN_EMPTY_BODY = YES;
				CLANG_WARN_ENUM_CONVERSION = YES;
				CLANG_WARN_INFINITE_RECURSION = YES;
				CLANG_WARN_INT_CONVERSION = YES;
				CLANG_WARN_NON_LITERAL_NULL_CONVERSION = YES;
				CLANG_WARN_OBJC_IMPLICIT_RETAIN_SELF = YES;
				CLANG_WARN_OBJC_LITERAL_CONVERSION = YES;
				CLANG_WARN_OBJC_ROOT_CLASS = YES_ERROR;
				CLANG_WARN_QUOTED_INCLUDE_IN_FRAMEWORK_HEADER = YES;
				CLANG_WARN_RANGE_LOOP_ANALYSIS = YES;
				CLANG_WARN_STRICT_PROTOTYPES = YES;
				CLANG_WARN_SUSPICIOUS_MOVE = YES;
				CLANG_WARN_UNGUARDED_AVAILABILITY = YES_AGGRESSIVE;
				CLANG_WARN_UNREACHABLE_CODE = YES;
				CLANG_WARN__DUPLICATE_METHOD_MATCH = YES;
				COPY_PHASE_STRIP = NO;
				DEBUG_INFORMATION_FORMAT = dwarf;
				ENABLE_STRICT_OBJC_MSGSEND = YES;
				ENABLE_TESTABILITY = YES;
				ENABLE_USER_SCRIPT_SANDBOXING = YES;
				GCC_C_LANGUAGE_STANDARD = gnu17;
				GCC_DYNAMIC_NO_PIC = NO;
				GCC_NO_COMMON_BLOCKS = YES;
				GCC_OPTIMIZATION_LEVEL = 0;
				GCC_PREPROCESSOR_DEFINITIONS = (
					"DEBUG=1",
					"$(inherited)",
				);
				GCC_WARN_64_TO_32_BIT_CONVERSION = YES;
				GCC_WARN_ABOUT_RETURN_TYPE = YES_ERROR;
				GCC_WARN_UNDECLARED_SELECTOR = YES;
				GCC_WARN_UNINITIALIZED_AUTOS = YES_AGGRESSIVE;
				GCC_WARN_UNUSED_FUNCTION = YES;
				GCC_WARN_UNUSED_VARIABLE = YES;
				IPHONEOS_DEPLOYMENT_TARGET = 17.5;
				LOCALIZATION_PREFERS_STRING_CATALOGS = YES;
				MTL_ENABLE_DEBUG_INFO = INCLUDE_SOURCE;
				MTL_FAST_MATH = YES;
				ONLY_ACTIVE_ARCH = YES;
				SDKROOT = iphoneos;
				SWIFT_ACTIVE_COMPILATION_CONDITIONS = "DEBUG $(inherited)";
				SWIFT_OPTIMIZATION_LEVEL = "-Onone";
			};
			name = Debug;
		};
		1231A3912C81E9E500304A16 /* Release */ = {
			isa = XCBuildConfiguration;
			buildSettings = {
				ALWAYS_SEARCH_USER_PATHS = NO;
				ASSETCATALOG_COMPILER_GENERATE_SWIFT_ASSET_SYMBOL_EXTENSIONS = YES;
				CLANG_ANALYZER_NONNULL = YES;
				CLANG_ANALYZER_NUMBER_OBJECT_CONVERSION = YES_AGGRESSIVE;
				CLANG_CXX_LANGUAGE_STANDARD = "gnu++20";
				CLANG_ENABLE_MODULES = YES;
				CLANG_ENABLE_OBJC_ARC = YES;
				CLANG_ENABLE_OBJC_WEAK = YES;
				CLANG_WARN_BLOCK_CAPTURE_AUTORELEASING = YES;
				CLANG_WARN_BOOL_CONVERSION = YES;
				CLANG_WARN_COMMA = YES;
				CLANG_WARN_CONSTANT_CONVERSION = YES;
				CLANG_WARN_DEPRECATED_OBJC_IMPLEMENTATIONS = YES;
				CLANG_WARN_DIRECT_OBJC_ISA_USAGE = YES_ERROR;
				CLANG_WARN_DOCUMENTATION_COMMENTS = YES;
				CLANG_WARN_EMPTY_BODY = YES;
				CLANG_WARN_ENUM_CONVERSION = YES;
				CLANG_WARN_INFINITE_RECURSION = YES;
				CLANG_WARN_INT_CONVERSION = YES;
				CLANG_WARN_NON_LITERAL_NULL_CONVERSION = YES;
				CLANG_WARN_OBJC_IMPLICIT_RETAIN_SELF = YES;
				CLANG_WARN_OBJC_LITERAL_CONVERSION = YES;
				CLANG_WARN_OBJC_ROOT_CLASS = YES_ERROR;
				CLANG_WARN_QUOTED_INCLUDE_IN_FRAMEWORK_HEADER = YES;
				CLANG_WARN_RANGE_LOOP_ANALYSIS = YES;
				CLANG_WARN_STRICT_PROTOTYPES = YES;
				CLANG_WARN_SUSPICIOUS_MOVE = YES;
				CLANG_WARN_UNGUARDED_AVAILABILITY = YES_AGGRESSIVE;
				CLANG_WARN_UNREACHABLE_CODE = YES;
				CLANG_WARN__DUPLICATE_METHOD_MATCH = YES;
				COPY_PHASE_STRIP = NO;
				DEBUG_INFORMATION_FORMAT = "dwarf-with-dsym";
				ENABLE_NS_ASSERTIONS = NO;
				ENABLE_STRICT_OBJC_MSGSEND = YES;
				ENABLE_USER_SCRIPT_SANDBOXING = YES;
				GCC_C_LANGUAGE_STANDARD = gnu17;
				GCC_NO_COMMON_BLOCKS = YES;
				GCC_WARN_64_TO_32_BIT_CONVERSION = YES;
				GCC_WARN_ABOUT_RETURN_TYPE = YES_ERROR;
				GCC_WARN_UNDECLARED_SELECTOR = YES;
				GCC_WARN_UNINITIALIZED_AUTOS = YES_AGGRESSIVE;
				GCC_WARN_UNUSED_FUNCTION = YES;
				GCC_WARN_UNUSED_VARIABLE = YES;
				IPHONEOS_DEPLOYMENT_TARGET = 17.5;
				LOCALIZATION_PREFERS_STRING_CATALOGS = YES;
				MTL_ENABLE_DEBUG_INFO = NO;
				MTL_FAST_MATH = YES;
				SDKROOT = iphoneos;
				SWIFT_COMPILATION_MODE = wholemodule;
				VALIDATE_PRODUCT = YES;
			};
			name = Release;
		};
		1231A3932C81E9E500304A16 /* Debug */ = {
			isa = XCBuildConfiguration;
			buildSettings = {
				ASSETCATALOG_COMPILER_APPICON_NAME = AppIcon;
				ASSETCATALOG_COMPILER_GLOBAL_ACCENT_COLOR_NAME = AccentColor;
				CODE_SIGN_STYLE = Automatic;
				CURRENT_PROJECT_VERSION = 1;
				DEVELOPMENT_ASSET_PATHS = "\"EffectiveMobileToDoList/Preview Content\"";
				DEVELOPMENT_TEAM = BZY75949H5;
				ENABLE_PREVIEWS = YES;
				GENERATE_INFOPLIST_FILE = YES;
				INFOPLIST_KEY_UIApplicationSceneManifest_Generation = YES;
				INFOPLIST_KEY_UIApplicationSupportsIndirectInputEvents = YES;
				INFOPLIST_KEY_UILaunchScreen_Generation = YES;
				INFOPLIST_KEY_UISupportedInterfaceOrientations_iPad = "UIInterfaceOrientationPortrait UIInterfaceOrientationPortraitUpsideDown UIInterfaceOrientationLandscapeLeft UIInterfaceOrientationLandscapeRight";
				INFOPLIST_KEY_UISupportedInterfaceOrientations_iPhone = "UIInterfaceOrientationPortrait UIInterfaceOrientationLandscapeLeft UIInterfaceOrientationLandscapeRight";
				IPHONEOS_DEPLOYMENT_TARGET = 17.0;
				LD_RUNPATH_SEARCH_PATHS = (
					"$(inherited)",
					"@executable_path/Frameworks",
				);
				MARKETING_VERSION = 1.0;
				PRODUCT_BUNDLE_IDENTIFIER = "Anton-Ra.EffectiveMobileToDoList";
				PRODUCT_NAME = "$(TARGET_NAME)";
				SWIFT_EMIT_LOC_STRINGS = YES;
				SWIFT_VERSION = 5.0;
				TARGETED_DEVICE_FAMILY = "1,2";
			};
			name = Debug;
		};
		1231A3942C81E9E500304A16 /* Release */ = {
			isa = XCBuildConfiguration;
			buildSettings = {
				ASSETCATALOG_COMPILER_APPICON_NAME = AppIcon;
				ASSETCATALOG_COMPILER_GLOBAL_ACCENT_COLOR_NAME = AccentColor;
				CODE_SIGN_STYLE = Automatic;
				CURRENT_PROJECT_VERSION = 1;
				DEVELOPMENT_ASSET_PATHS = "\"EffectiveMobileToDoList/Preview Content\"";
				DEVELOPMENT_TEAM = BZY75949H5;
				ENABLE_PREVIEWS = YES;
				GENERATE_INFOPLIST_FILE = YES;
				INFOPLIST_KEY_UIApplicationSceneManifest_Generation = YES;
				INFOPLIST_KEY_UIApplicationSupportsIndirectInputEvents = YES;
				INFOPLIST_KEY_UILaunchScreen_Generation = YES;
				INFOPLIST_KEY_UISupportedInterfaceOrientations_iPad = "UIInterfaceOrientationPortrait UIInterfaceOrientationPortraitUpsideDown UIInterfaceOrientationLandscapeLeft UIInterfaceOrientationLandscapeRight";
				INFOPLIST_KEY_UISupportedInterfaceOrientations_iPhone = "UIInterfaceOrientationPortrait UIInterfaceOrientationLandscapeLeft UIInterfaceOrientationLandscapeRight";
				IPHONEOS_DEPLOYMENT_TARGET = 17.0;
				LD_RUNPATH_SEARCH_PATHS = (
					"$(inherited)",
					"@executable_path/Frameworks",
				);
				MARKETING_VERSION = 1.0;
				PRODUCT_BUNDLE_IDENTIFIER = "Anton-Ra.EffectiveMobileToDoList";
				PRODUCT_NAME = "$(TARGET_NAME)";
				SWIFT_EMIT_LOC_STRINGS = YES;
				SWIFT_VERSION = 5.0;
				TARGETED_DEVICE_FAMILY = "1,2";
			};
			name = Release;
		};
/* End XCBuildConfiguration section */

/* Begin XCConfigurationList section */
		1231A37F2C81E9E400304A16 /* Build configuration list for PBXProject "EffectiveMobileToDoList" */ = {
			isa = XCConfigurationList;
			buildConfigurations = (
				1231A3902C81E9E500304A16 /* Debug */,
				1231A3912C81E9E500304A16 /* Release */,
			);
			defaultConfigurationIsVisible = 0;
			defaultConfigurationName = Release;
		};
		1231A3922C81E9E500304A16 /* Build configuration list for PBXNativeTarget "EffectiveMobileToDoList" */ = {
			isa = XCConfigurationList;
			buildConfigurations = (
				1231A3932C81E9E500304A16 /* Debug */,
				1231A3942C81E9E500304A16 /* Release */,
			);
			defaultConfigurationIsVisible = 0;
			defaultConfigurationName = Release;
		};
/* End XCConfigurationList section */

/* Begin XCVersionGroup section */
		1231A3A02C81F05A00304A16 /* ToDoListData.xcdatamodeld */ = {
			isa = XCVersionGroup;
			children = (
				1231A3A12C81F05A00304A16 /* ToDoListData.xcdatamodel */,
			);
			currentVersion = 1231A3A12C81F05A00304A16 /* ToDoListData.xcdatamodel */;
			path = ToDoListData.xcdatamodeld;
			sourceTree = "<group>";
			versionGroupType = wrapper.xcdatamodel;
		};
/* End XCVersionGroup section */
	};
	rootObject = 1231A37C2C81E9E400304A16 /* Project object */;
}
